
Microsoft Visual Studio Solution File, Format Version 12.00
# Visual Studio 15
VisualStudioVersion = 15.0.28010.2048
MinimumVisualStudioVersion = 10.0.40219.1
Project("{FAE04EC0-301F-11D3-BF4B-00C04F79EFBC}") = "S_G_H", "S_G_H\S_G_H.csproj", "{1DC4CE40-4019-43A7-AB5C-BA5AFE624C43}"
EndProject
Global
	GlobalSection(SolutionConfigurationPlatforms) = preSolution
		Debug|Any CPU = Debug|Any CPU
		Release|Any CPU = Release|Any CPU
	EndGlobalSection
	GlobalSection(ProjectConfigurationPlatforms) = postSolution
		{1DC4CE40-4019-43A7-AB5C-BA5AFE624C43}.Debug|Any CPU.ActiveCfg = Debug|Any CPU
		{1DC4CE40-4019-43A7-AB5C-BA5AFE624C43}.Debug|Any CPU.Build.0 = Debug|Any CPU
		{1DC4CE40-4019-43A7-AB5C-BA5AFE624C43}.Release|Any CPU.ActiveCfg = Release|Any CPU
		{1DC4CE40-4019-43A7-AB5C-BA5AFE624C43}.Release|Any CPU.Build.0 = Release|Any CPU
	EndGlobalSection
	GlobalSection(SolutionProperties) = preSolution
		HideSolutionNode = FALSE
	EndGlobalSection
	GlobalSection(ExtensibilityGlobals) = postSolution
		SolutionGuid = {69D6EF71-A12F-40D9-8412-636A02423E72}
	EndGlobalSection
EndGlobal
